
Microsoft Visual Studio Solution File, Format Version 12.00
# Visual Studio 15
Project("{FAE04EC0-301F-11D3-BF4B-00C04F79EFBC}") = "XfmaShellTemplate.Android", "XfmaShellTemplate.Android\XfmaShellTemplate.Android.csproj", "{9DC4347F-9786-4C2B-869D-47FA7FB52C0F}"
EndProject
Project("{FAE04EC0-301F-11D3-BF4B-00C04F79EFBC}") = "XfmaShellTemplate.iOS", "XfmaShellTemplate.iOS\XfmaShellTemplate.iOS.csproj", "{A91F06CE-5361-4676-8452-CCEF73B3ADD9}"
EndProject
Project("{FAE04EC0-301F-11D3-BF4B-00C04F79EFBC}") = "XfmaShellTemplate", "XfmaShellTemplate\XfmaShellTemplate.csproj", "{C29752C6-E376-4173-BBC3-CA2DC44F44D0}"
EndProject
Project("{2150E333-8FDC-42A3-9474-1A3956D46DE8}") = "Modules", "Modules", "{B4FABFB7-5DAC-4174-99E1-30A9F60B90EA}"
EndProject
Project("{FAE04EC0-301F-11D3-BF4B-00C04F79EFBC}") = "XamarinFormsMvvmAdaptor", "..\XamarinFormsMvvmAdaptor\XamarinFormsMvvmAdaptor\XamarinFormsMvvmAdaptor.csproj", "{D9396A4A-DCEA-4778-80A8-4D65A89A5EA5}"
EndProject
Global
	GlobalSection(SolutionConfigurationPlatforms) = preSolution
		Debug|Any CPU = Debug|Any CPU
		Release|Any CPU = Release|Any CPU
		Debug|iPhoneSimulator = Debug|iPhoneSimulator
		Release|iPhoneSimulator = Release|iPhoneSimulator
		Debug|iPhone = Debug|iPhone
		Release|iPhone = Release|iPhone
	EndGlobalSection
	GlobalSection(ProjectConfigurationPlatforms) = postSolution
		{9DC4347F-9786-4C2B-869D-47FA7FB52C0F}.Debug|Any CPU.ActiveCfg = Debug|Any CPU
		{9DC4347F-9786-4C2B-869D-47FA7FB52C0F}.Debug|Any CPU.Build.0 = Debug|Any CPU
		{9DC4347F-9786-4C2B-869D-47FA7FB52C0F}.Release|Any CPU.ActiveCfg = Release|Any CPU
		{9DC4347F-9786-4C2B-869D-47FA7FB52C0F}.Release|Any CPU.Build.0 = Release|Any CPU
		{9DC4347F-9786-4C2B-869D-47FA7FB52C0F}.Debug|iPhoneSimulator.ActiveCfg = Debug|Any CPU
		{9DC4347F-9786-4C2B-869D-47FA7FB52C0F}.Debug|iPhoneSimulator.Build.0 = Debug|Any CPU
		{9DC4347F-9786-4C2B-869D-47FA7FB52C0F}.Release|iPhoneSimulator.ActiveCfg = Release|Any CPU
		{9DC4347F-9786-4C2B-869D-47FA7FB52C0F}.Release|iPhoneSimulator.Build.0 = Release|Any CPU
		{9DC4347F-9786-4C2B-869D-47FA7FB52C0F}.Debug|iPhone.ActiveCfg = Debug|Any CPU
		{9DC4347F-9786-4C2B-869D-47FA7FB52C0F}.Debug|iPhone.Build.0 = Debug|Any CPU
		{9DC4347F-9786-4C2B-869D-47FA7FB52C0F}.Release|iPhone.ActiveCfg = Release|Any CPU
		{9DC4347F-9786-4C2B-869D-47FA7FB52C0F}.Release|iPhone.Build.0 = Release|Any CPU
		{A91F06CE-5361-4676-8452-CCEF73B3ADD9}.Debug|Any CPU.ActiveCfg = Debug|iPhoneSimulator
		{A91F06CE-5361-4676-8452-CCEF73B3ADD9}.Debug|Any CPU.Build.0 = Debug|iPhoneSimulator
		{A91F06CE-5361-4676-8452-CCEF73B3ADD9}.Release|Any CPU.ActiveCfg = Release|iPhoneSimulator
		{A91F06CE-5361-4676-8452-CCEF73B3ADD9}.Release|Any CPU.Build.0 = Release|iPhoneSimulator
		{A91F06CE-5361-4676-8452-CCEF73B3ADD9}.Debug|iPhoneSimulator.ActiveCfg = Debug|iPhoneSimulator
		{A91F06CE-5361-4676-8452-CCEF73B3ADD9}.Debug|iPhoneSimulator.Build.0 = Debug|iPhoneSimulator
		{A91F06CE-5361-4676-8452-CCEF73B3ADD9}.Release|iPhoneSimulator.ActiveCfg = Release|iPhoneSimulator
		{A91F06CE-5361-4676-8452-CCEF73B3ADD9}.Release|iPhoneSimulator.Build.0 = Release|iPhoneSimulator
		{A91F06CE-5361-4676-8452-CCEF73B3ADD9}.Debug|iPhone.ActiveCfg = Debug|iPhone
		{A91F06CE-5361-4676-8452-CCEF73B3ADD9}.Debug|iPhone.Build.0 = Debug|iPhone
		{A91F06CE-5361-4676-8452-CCEF73B3ADD9}.Release|iPhone.ActiveCfg = Release|iPhone
		{A91F06CE-5361-4676-8452-CCEF73B3ADD9}.Release|iPhone.Build.0 = Release|iPhone
		{C29752C6-E376-4173-BBC3-CA2DC44F44D0}.Debug|Any CPU.ActiveCfg = Debug|Any CPU
		{C29752C6-E376-4173-BBC3-CA2DC44F44D0}.Debug|Any CPU.Build.0 = Debug|Any CPU
		{C29752C6-E376-4173-BBC3-CA2DC44F44D0}.Release|Any CPU.ActiveCfg = Release|Any CPU
		{C29752C6-E376-4173-BBC3-CA2DC44F44D0}.Release|Any CPU.Build.0 = Release|Any CPU
		{C29752C6-E376-4173-BBC3-CA2DC44F44D0}.Debug|iPhoneSimulator.ActiveCfg = Debug|Any CPU
		{C29752C6-E376-4173-BBC3-CA2DC44F44D0}.Debug|iPhoneSimulator.Build.0 = Debug|Any CPU
		{C29752C6-E376-4173-BBC3-CA2DC44F44D0}.Release|iPhoneSimulator.ActiveCfg = Release|Any CPU
		{C29752C6-E376-4173-BBC3-CA2DC44F44D0}.Release|iPhoneSimulator.Build.0 = Release|Any CPU
		{C29752C6-E376-4173-BBC3-CA2DC44F44D0}.Debug|iPhone.ActiveCfg = Debug|Any CPU
		{C29752C6-E376-4173-BBC3-CA2DC44F44D0}.Debug|iPhone.Build.0 = Debug|Any CPU
		{C29752C6-E376-4173-BBC3-CA2DC44F44D0}.Release|iPhone.ActiveCfg = Release|Any CPU
		{C29752C6-E376-4173-BBC3-CA2DC44F44D0}.Release|iPhone.Build.0 = Release|Any CPU
		{D9396A4A-DCEA-4778-80A8-4D65A89A5EA5}.Debug|Any CPU.ActiveCfg = Debug|Any CPU
		{D9396A4A-DCEA-4778-80A8-4D65A89A5EA5}.Debug|Any CPU.Build.0 = Debug|Any CPU
		{D9396A4A-DCEA-4778-80A8-4D65A89A5EA5}.Release|Any CPU.ActiveCfg = Release|Any CPU
		{D9396A4A-DCEA-4778-80A8-4D65A89A5EA5}.Release|Any CPU.Build.0 = Release|Any CPU
		{D9396A4A-DCEA-4778-80A8-4D65A89A5EA5}.Debug|iPhoneSimulator.ActiveCfg = Debug|Any CPU
		{D9396A4A-DCEA-4778-80A8-4D65A89A5EA5}.Debug|iPhoneSimulator.Build.0 = Debug|Any CPU
		{D9396A4A-DCEA-4778-80A8-4D65A89A5EA5}.Release|iPhoneSimulator.ActiveCfg = Release|Any CPU
		{D9396A4A-DCEA-4778-80A8-4D65A89A5EA5}.Release|iPhoneSimulator.Build.0 = Release|Any CPU
		{D9396A4A-DCEA-4778-80A8-4D65A89A5EA5}.Debug|iPhone.ActiveCfg = Debug|Any CPU
		{D9396A4A-DCEA-4778-80A8-4D65A89A5EA5}.Debug|iPhone.Build.0 = Debug|Any CPU
		{D9396A4A-DCEA-4778-80A8-4D65A89A5EA5}.Release|iPhone.ActiveCfg = Release|Any CPU
		{D9396A4A-DCEA-4778-80A8-4D65A89A5EA5}.Release|iPhone.Build.0 = Release|Any CPU
	EndGlobalSection
	GlobalSection(NestedProjects) = preSolution
		{D9396A4A-DCEA-4778-80A8-4D65A89A5EA5} = {B4FABFB7-5DAC-4174-99E1-30A9F60B90EA}
	EndGlobalSection
EndGlobal
